// !$*UTF8*$!
{
	archiveVersion = 1;
	classes = {
	};
	objectVersion = 55;
	objects = {

/* Begin PBXBuildFile section */
		360EFA4927CDD48100CA1146 /* PageViewController.swift in Sources */ = {isa = PBXBuildFile; fileRef = 360EFA4827CDD48100CA1146 /* PageViewController.swift */; };
		360EFA4B27CDD70800CA1146 /* PageStoryboard.storyboard in Resources */ = {isa = PBXBuildFile; fileRef = 360EFA4A27CDD70800CA1146 /* PageStoryboard.storyboard */; };
		360EFA4D27CDD92700CA1146 /* BlueViewController.swift in Sources */ = {isa = PBXBuildFile; fileRef = 360EFA4C27CDD92700CA1146 /* BlueViewController.swift */; };
		360EFA4F27CDD93500CA1146 /* RedViewController.swift in Sources */ = {isa = PBXBuildFile; fileRef = 360EFA4E27CDD93500CA1146 /* RedViewController.swift */; };
		3616C239278C725D0045F2A7 /* AppDelegate.swift in Sources */ = {isa = PBXBuildFile; fileRef = 3616C238278C725D0045F2A7 /* AppDelegate.swift */; };
		3616C23B278C725D0045F2A7 /* SceneDelegate.swift in Sources */ = {isa = PBXBuildFile; fileRef = 3616C23A278C725D0045F2A7 /* SceneDelegate.swift */; };
		3616C23D278C725D0045F2A7 /* ViewController.swift in Sources */ = {isa = PBXBuildFile; fileRef = 3616C23C278C725D0045F2A7 /* ViewController.swift */; };
		3616C240278C725D0045F2A7 /* Main.storyboard in Resources */ = {isa = PBXBuildFile; fileRef = 3616C23E278C725D0045F2A7 /* Main.storyboard */; };
		3616C242278C725E0045F2A7 /* Assets.xcassets in Resources */ = {isa = PBXBuildFile; fileRef = 3616C241278C725E0045F2A7 /* Assets.xcassets */; };
		3616C245278C725E0045F2A7 /* LaunchScreen.storyboard in Resources */ = {isa = PBXBuildFile; fileRef = 3616C243278C725E0045F2A7 /* LaunchScreen.storyboard */; };
		363A79B627C75DFA00A85D4C /* FirstScreenStoryboard.storyboard in Resources */ = {isa = PBXBuildFile; fileRef = 363A79B527C75DFA00A85D4C /* FirstScreenStoryboard.storyboard */; };
		363A79BA27C75FA900A85D4C /* FirstScreenViewController.swift in Sources */ = {isa = PBXBuildFile; fileRef = 363A79B927C75FA900A85D4C /* FirstScreenViewController.swift */; };
		36572B9227C76FE200166A96 /* SecondScreenStoryboard.storyboard in Resources */ = {isa = PBXBuildFile; fileRef = 36572B9127C76FE200166A96 /* SecondScreenStoryboard.storyboard */; };
		366DFBE627C7793B004E8B62 /* demoStoryboard.storyboard in Resources */ = {isa = PBXBuildFile; fileRef = 366DFBE527C7793B004E8B62 /* demoStoryboard.storyboard */; };
		366DFBE827C77D0C004E8B62 /* SecondScreenViewController.swift in Sources */ = {isa = PBXBuildFile; fileRef = 366DFBE727C77D0C004E8B62 /* SecondScreenViewController.swift */; };
		366DFBEA27C78321004E8B62 /* Demo2Storyboard.storyboard in Resources */ = {isa = PBXBuildFile; fileRef = 366DFBE927C78321004E8B62 /* Demo2Storyboard.storyboard */; };
		3676ED0427D9AC6D00B80E93 /* ForthViewController.swift in Sources */ = {isa = PBXBuildFile; fileRef = 3676ED0327D9AC6D00B80E93 /* ForthViewController.swift */; };
		369CC09A27D7300200341901 /* CollectionViewController.swift in Sources */ = {isa = PBXBuildFile; fileRef = 369CC09927D7300200341901 /* CollectionViewController.swift */; };
		36A94D7927C8C82D00882398 /* sizeclass.storyboard in Resources */ = {isa = PBXBuildFile; fileRef = 36A94D7827C8C82D00882398 /* sizeclass.storyboard */; };
		36AB7BA827CF750500545AF7 /* SegmentedViewController.swift in Sources */ = {isa = PBXBuildFile; fileRef = 36AB7BA727CF750500545AF7 /* SegmentedViewController.swift */; };
		36AB7BB227CFA79B00545AF7 /* ImageCollectionViewController.swift in Sources */ = {isa = PBXBuildFile; fileRef = 36AB7BB127CFA79A00545AF7 /* ImageCollectionViewController.swift */; };
		36AB7BB627CFACA600545AF7 /* CollectionViewCell.swift in Sources */ = {isa = PBXBuildFile; fileRef = 36AB7BB527CFACA600545AF7 /* CollectionViewCell.swift */; };
		36B13CB227D76E7100BEEE12 /* NewCollectionViewController.swift in Sources */ = {isa = PBXBuildFile; fileRef = 36B13CB127D76E7100BEEE12 /* NewCollectionViewController.swift */; };
		36CB6B8627CE3B4100F33748 /* NewViewController.swift in Sources */ = {isa = PBXBuildFile; fileRef = 36CB6B8527CE3B4100F33748 /* NewViewController.swift */; };
		36CB78D927D5F75800843FFE /* Navigation.storyboard in Resources */ = {isa = PBXBuildFile; fileRef = 36CB78D827D5F75800843FFE /* Navigation.storyboard */; };
		36CB78DB27D5F85E00843FFE /* NavigationViewController.swift in Sources */ = {isa = PBXBuildFile; fileRef = 36CB78DA27D5F85E00843FFE /* NavigationViewController.swift */; };
		36CB78DD27D5F8A200843FFE /* SecondViewController.swift in Sources */ = {isa = PBXBuildFile; fileRef = 36CB78DC27D5F8A200843FFE /* SecondViewController.swift */; };
		36CB78DF27D6065F00843FFE /* ThirdViewController.swift in Sources */ = {isa = PBXBuildFile; fileRef = 36CB78DE27D6065F00843FFE /* ThirdViewController.swift */; };
		36CBF89B27CF144B0060C785 /* IndexTableViewCell.swift in Sources */ = {isa = PBXBuildFile; fileRef = 36CBF89927CF144B0060C785 /* IndexTableViewCell.swift */; };
		36CBF89C27CF144B0060C785 /* IndexTableViewCell.xib in Resources */ = {isa = PBXBuildFile; fileRef = 36CBF89A27CF144B0060C785 /* IndexTableViewCell.xib */; };
		36F1E67D27C86CB7000A25F0 /* adaptiveLayout.storyboard in Resources */ = {isa = PBXBuildFile; fileRef = 36F1E67C27C86CB7000A25F0 /* adaptiveLayout.storyboard */; };
		36F47D9427CCBA4500F4F887 /* UIComponetsStoryboard.storyboard in Resources */ = {isa = PBXBuildFile; fileRef = 36F47D9327CCBA4500F4F887 /* UIComponetsStoryboard.storyboard */; };
		36F47D9627CCBA5400F4F887 /* UIComponetsViewController.swift in Sources */ = {isa = PBXBuildFile; fileRef = 36F47D9527CCBA5400F4F887 /* UIComponetsViewController.swift */; };
		36F47D9827CCC6CB00F4F887 /* TextField.swift in Sources */ = {isa = PBXBuildFile; fileRef = 36F47D9727CCC6CB00F4F887 /* TextField.swift */; };
/* End PBXBuildFile section */

/* Begin PBXFileReference section */
		360EFA4827CDD48100CA1146 /* PageViewController.swift */ = {isa = PBXFileReference; lastKnownFileType = sourcecode.swift; path = PageViewController.swift; sourceTree = "<group>"; };
		360EFA4A27CDD70800CA1146 /* PageStoryboard.storyboard */ = {isa = PBXFileReference; lastKnownFileType = file.storyboard; path = PageStoryboard.storyboard; sourceTree = "<group>"; };
		360EFA4C27CDD92700CA1146 /* BlueViewController.swift */ = {isa = PBXFileReference; lastKnownFileType = sourcecode.swift; path = BlueViewController.swift; sourceTree = "<group>"; };
		360EFA4E27CDD93500CA1146 /* RedViewController.swift */ = {isa = PBXFileReference; lastKnownFileType = sourcecode.swift; path = RedViewController.swift; sourceTree = "<group>"; };
		3616C235278C725D0045F2A7 /* practice_ios.app */ = {isa = PBXFileReference; explicitFileType = wrapper.application; includeInIndex = 0; path = practice_ios.app; sourceTree = BUILT_PRODUCTS_DIR; };
		3616C238278C725D0045F2A7 /* AppDelegate.swift */ = {isa = PBXFileReference; lastKnownFileType = sourcecode.swift; path = AppDelegate.swift; sourceTree = "<group>"; };
		3616C23A278C725D0045F2A7 /* SceneDelegate.swift */ = {isa = PBXFileReference; lastKnownFileType = sourcecode.swift; path = SceneDelegate.swift; sourceTree = "<group>"; };
		3616C23C278C725D0045F2A7 /* ViewController.swift */ = {isa = PBXFileReference; lastKnownFileType = sourcecode.swift; path = ViewController.swift; sourceTree = "<group>"; };
		3616C23F278C725D0045F2A7 /* Base */ = {isa = PBXFileReference; lastKnownFileType = file.storyboard; name = Base; path = Base.lproj/Main.storyboard; sourceTree = "<group>"; };
		3616C241278C725E0045F2A7 /* Assets.xcassets */ = {isa = PBXFileReference; lastKnownFileType = folder.assetcatalog; path = Assets.xcassets; sourceTree = "<group>"; };
		3616C244278C725E0045F2A7 /* Base */ = {isa = PBXFileReference; lastKnownFileType = file.storyboard; name = Base; path = Base.lproj/LaunchScreen.storyboard; sourceTree = "<group>"; };
		3616C246278C725E0045F2A7 /* Info.plist */ = {isa = PBXFileReference; lastKnownFileType = text.plist.xml; path = Info.plist; sourceTree = "<group>"; };
		363A79B527C75DFA00A85D4C /* FirstScreenStoryboard.storyboard */ = {isa = PBXFileReference; lastKnownFileType = file.storyboard; path = FirstScreenStoryboard.storyboard; sourceTree = "<group>"; };
		363A79B927C75FA900A85D4C /* FirstScreenViewController.swift */ = {isa = PBXFileReference; lastKnownFileType = sourcecode.swift; path = FirstScreenViewController.swift; sourceTree = "<group>"; };
		36572B9127C76FE200166A96 /* SecondScreenStoryboard.storyboard */ = {isa = PBXFileReference; lastKnownFileType = file.storyboard; path = SecondScreenStoryboard.storyboard; sourceTree = "<group>"; };
		366DFBE527C7793B004E8B62 /* demoStoryboard.storyboard */ = {isa = PBXFileReference; lastKnownFileType = file.storyboard; path = demoStoryboard.storyboard; sourceTree = "<group>"; };
		366DFBE727C77D0C004E8B62 /* SecondScreenViewController.swift */ = {isa = PBXFileReference; lastKnownFileType = sourcecode.swift; path = SecondScreenViewController.swift; sourceTree = "<group>"; };
		366DFBE927C78321004E8B62 /* Demo2Storyboard.storyboard */ = {isa = PBXFileReference; lastKnownFileType = file.storyboard; path = Demo2Storyboard.storyboard; sourceTree = "<group>"; };
		3676ED0327D9AC6D00B80E93 /* ForthViewController.swift */ = {isa = PBXFileReference; lastKnownFileType = sourcecode.swift; path = ForthViewController.swift; sourceTree = "<group>"; };
		369CC09927D7300200341901 /* CollectionViewController.swift */ = {isa = PBXFileReference; lastKnownFileType = sourcecode.swift; path = CollectionViewController.swift; sourceTree = "<group>"; };
		36A94D7827C8C82D00882398 /* sizeclass.storyboard */ = {isa = PBXFileReference; lastKnownFileType = file.storyboard; path = sizeclass.storyboard; sourceTree = "<group>"; };
		36AB7BA727CF750500545AF7 /* SegmentedViewController.swift */ = {isa = PBXFileReference; lastKnownFileType = sourcecode.swift; path = SegmentedViewController.swift; sourceTree = "<group>"; };
		36AB7BB127CFA79A00545AF7 /* ImageCollectionViewController.swift */ = {isa = PBXFileReference; lastKnownFileType = sourcecode.swift; path = ImageCollectionViewController.swift; sourceTree = "<group>"; };
		36AB7BB527CFACA600545AF7 /* CollectionViewCell.swift */ = {isa = PBXFileReference; lastKnownFileType = sourcecode.swift; path = CollectionViewCell.swift; sourceTree = "<group>"; };
		36B13CB127D76E7100BEEE12 /* NewCollectionViewController.swift */ = {isa = PBXFileReference; lastKnownFileType = sourcecode.swift; path = NewCollectionViewController.swift; sourceTree = "<group>"; };
		36CB6B8527CE3B4100F33748 /* NewViewController.swift */ = {isa = PBXFileReference; lastKnownFileType = sourcecode.swift; path = NewViewController.swift; sourceTree = "<group>"; };
		36CB78D827D5F75800843FFE /* Navigation.storyboard */ = {isa = PBXFileReference; lastKnownFileType = file.storyboard; path = Navigation.storyboard; sourceTree = "<group>"; };
		36CB78DA27D5F85E00843FFE /* NavigationViewController.swift */ = {isa = PBXFileReference; lastKnownFileType = sourcecode.swift; path = NavigationViewController.swift; sourceTree = "<group>"; };
		36CB78DC27D5F8A200843FFE /* SecondViewController.swift */ = {isa = PBXFileReference; lastKnownFileType = sourcecode.swift; path = SecondViewController.swift; sourceTree = "<group>"; };
		36CB78DE27D6065F00843FFE /* ThirdViewController.swift */ = {isa = PBXFileReference; lastKnownFileType = sourcecode.swift; path = ThirdViewController.swift; sourceTree = "<group>"; };
		36CBF89927CF144B0060C785 /* IndexTableViewCell.swift */ = {isa = PBXFileReference; lastKnownFileType = sourcecode.swift; path = IndexTableViewCell.swift; sourceTree = "<group>"; };
		36CBF89A27CF144B0060C785 /* IndexTableViewCell.xib */ = {isa = PBXFileReference; lastKnownFileType = file.xib; path = IndexTableViewCell.xib; sourceTree = "<group>"; };
		36F1E67C27C86CB7000A25F0 /* adaptiveLayout.storyboard */ = {isa = PBXFileReference; lastKnownFileType = file.storyboard; path = adaptiveLayout.storyboard; sourceTree = "<group>"; };
		36F47D9327CCBA4500F4F887 /* UIComponetsStoryboard.storyboard */ = {isa = PBXFileReference; lastKnownFileType = file.storyboard; path = UIComponetsStoryboard.storyboard; sourceTree = "<group>"; };
		36F47D9527CCBA5400F4F887 /* UIComponetsViewController.swift */ = {isa = PBXFileReference; lastKnownFileType = sourcecode.swift; path = UIComponetsViewController.swift; sourceTree = "<group>"; };
		36F47D9727CCC6CB00F4F887 /* TextField.swift */ = {isa = PBXFileReference; lastKnownFileType = sourcecode.swift; path = TextField.swift; sourceTree = "<group>"; };
/* End PBXFileReference section */

/* Begin PBXFrameworksBuildPhase section */
		3616C232278C725D0045F2A7 /* Frameworks */ = {
			isa = PBXFrameworksBuildPhase;
			buildActionMask = 2147483647;
			files = (
			);
			runOnlyForDeploymentPostprocessing = 0;
		};
/* End PBXFrameworksBuildPhase section */

/* Begin PBXGroup section */
		3616C22C278C725D0045F2A7 = {
			isa = PBXGroup;
			children = (
				36F47D9727CCC6CB00F4F887 /* TextField.swift */,
				3616C237278C725D0045F2A7 /* practice_ios */,
				3616C236278C725D0045F2A7 /* Products */,
			);
			sourceTree = "<group>";
		};
		3616C236278C725D0045F2A7 /* Products */ = {
			isa = PBXGroup;
			children = (
				3616C235278C725D0045F2A7 /* practice_ios.app */,
			);
			name = Products;
			sourceTree = "<group>";
		};
		3616C237278C725D0045F2A7 /* practice_ios */ = {
			isa = PBXGroup;
			children = (
				36CBF89827CF14090060C785 /* Cell */,
				363A79B827C75E5300A85D4C /* ViewControllers */,
				363A79B227C75D9500A85D4C /* Storyboards */,
				3616C238278C725D0045F2A7 /* AppDelegate.swift */,
				3616C23A278C725D0045F2A7 /* SceneDelegate.swift */,
				3616C23C278C725D0045F2A7 /* ViewController.swift */,
				3616C23E278C725D0045F2A7 /* Main.storyboard */,
				3616C241278C725E0045F2A7 /* Assets.xcassets */,
				3616C243278C725E0045F2A7 /* LaunchScreen.storyboard */,
				3616C246278C725E0045F2A7 /* Info.plist */,
				366DFBE527C7793B004E8B62 /* demoStoryboard.storyboard */,
				366DFBE927C78321004E8B62 /* Demo2Storyboard.storyboard */,
				36F1E67C27C86CB7000A25F0 /* adaptiveLayout.storyboard */,
				36A94D7827C8C82D00882398 /* sizeclass.storyboard */,
			);
			path = practice_ios;
			sourceTree = "<group>";
		};
		363A79B227C75D9500A85D4C /* Storyboards */ = {
			isa = PBXGroup;
			children = (
				363A79B527C75DFA00A85D4C /* FirstScreenStoryboard.storyboard */,
				36572B9127C76FE200166A96 /* SecondScreenStoryboard.storyboard */,
				36F47D9327CCBA4500F4F887 /* UIComponetsStoryboard.storyboard */,
				360EFA4A27CDD70800CA1146 /* PageStoryboard.storyboard */,
				36CB78D827D5F75800843FFE /* Navigation.storyboard */,
			);
			path = Storyboards;
			sourceTree = "<group>";
		};
		363A79B827C75E5300A85D4C /* ViewControllers */ = {
			isa = PBXGroup;
			children = (
				363A79B927C75FA900A85D4C /* FirstScreenViewController.swift */,
				366DFBE727C77D0C004E8B62 /* SecondScreenViewController.swift */,
				36F47D9527CCBA5400F4F887 /* UIComponetsViewController.swift */,
				360EFA4827CDD48100CA1146 /* PageViewController.swift */,
				360EFA4C27CDD92700CA1146 /* BlueViewController.swift */,
				360EFA4E27CDD93500CA1146 /* RedViewController.swift */,
				36CB6B8527CE3B4100F33748 /* NewViewController.swift */,
				36AB7BA727CF750500545AF7 /* SegmentedViewController.swift */,
				36AB7BB127CFA79A00545AF7 /* ImageCollectionViewController.swift */,
				36AB7BB527CFACA600545AF7 /* CollectionViewCell.swift */,
				36CB78DA27D5F85E00843FFE /* NavigationViewController.swift */,
				36CB78DC27D5F8A200843FFE /* SecondViewController.swift */,
				36CB78DE27D6065F00843FFE /* ThirdViewController.swift */,
				369CC09927D7300200341901 /* CollectionViewController.swift */,
				36B13CB127D76E7100BEEE12 /* NewCollectionViewController.swift */,
				3676ED0327D9AC6D00B80E93 /* ForthViewController.swift */,
			);
			path = ViewControllers;
			sourceTree = "<group>";
		};
		36CBF89827CF14090060C785 /* Cell */ = {
			isa = PBXGroup;
			children = (
				36CBF89927CF144B0060C785 /* IndexTableViewCell.swift */,
				36CBF89A27CF144B0060C785 /* IndexTableViewCell.xib */,
			);
			path = Cell;
			sourceTree = "<group>";
		};
/* End PBXGroup section */

/* Begin PBXNativeTarget section */
		3616C234278C725D0045F2A7 /* practice_ios */ = {
			isa = PBXNativeTarget;
			buildConfigurationList = 3616C249278C725E0045F2A7 /* Build configuration list for PBXNativeTarget "practice_ios" */;
			buildPhases = (
				3616C231278C725D0045F2A7 /* Sources */,
				3616C232278C725D0045F2A7 /* Frameworks */,
				3616C233278C725D0045F2A7 /* Resources */,
			);
			buildRules = (
			);
			dependencies = (
			);
			name = practice_ios;
			productName = practice_ios;
			productReference = 3616C235278C725D0045F2A7 /* practice_ios.app */;
			productType = "com.apple.product-type.application";
		};
/* End PBXNativeTarget section */

/* Begin PBXProject section */
		3616C22D278C725D0045F2A7 /* Project object */ = {
			isa = PBXProject;
			attributes = {
				BuildIndependentTargetsInParallel = 1;
				LastSwiftUpdateCheck = 1310;
				LastUpgradeCheck = 1310;
				TargetAttributes = {
					3616C234278C725D0045F2A7 = {
						CreatedOnToolsVersion = 13.1;
					};
				};
			};
			buildConfigurationList = 3616C230278C725D0045F2A7 /* Build configuration list for PBXProject "practice_ios" */;
			compatibilityVersion = "Xcode 13.0";
			developmentRegion = en;
			hasScannedForEncodings = 0;
			knownRegions = (
				en,
				Base,
			);
			mainGroup = 3616C22C278C725D0045F2A7;
			productRefGroup = 3616C236278C725D0045F2A7 /* Products */;
			projectDirPath = "";
			projectRoot = "";
			targets = (
				3616C234278C725D0045F2A7 /* practice_ios */,
			);
		};
/* End PBXProject section */

/* Begin PBXResourcesBuildPhase section */
		3616C233278C725D0045F2A7 /* Resources */ = {
			isa = PBXResourcesBuildPhase;
			buildActionMask = 2147483647;
			files = (
				3616C245278C725E0045F2A7 /* LaunchScreen.storyboard in Resources */,
				366DFBEA27C78321004E8B62 /* Demo2Storyboard.storyboard in Resources */,
				36CB78D927D5F75800843FFE /* Navigation.storyboard in Resources */,
				36CBF89C27CF144B0060C785 /* IndexTableViewCell.xib in Resources */,
				36A94D7927C8C82D00882398 /* sizeclass.storyboard in Resources */,
				3616C242278C725E0045F2A7 /* Assets.xcassets in Resources */,
				36F47D9427CCBA4500F4F887 /* UIComponetsStoryboard.storyboard in Resources */,
				366DFBE627C7793B004E8B62 /* demoStoryboard.storyboard in Resources */,
				360EFA4B27CDD70800CA1146 /* PageStoryboard.storyboard in Resources */,
				36F1E67D27C86CB7000A25F0 /* adaptiveLayout.storyboard in Resources */,
				36572B9227C76FE200166A96 /* SecondScreenStoryboard.storyboard in Resources */,
				3616C240278C725D0045F2A7 /* Main.storyboard in Resources */,
				363A79B627C75DFA00A85D4C /* FirstScreenStoryboard.storyboard in Resources */,
			);
			runOnlyForDeploymentPostprocessing = 0;
		};
/* End PBXResourcesBuildPhase section */

/* Begin PBXSourcesBuildPhase section */
		3616C231278C725D0045F2A7 /* Sources */ = {
			isa = PBXSourcesBuildPhase;
			buildActionMask = 2147483647;
			files = (
				36AB7BB227CFA79B00545AF7 /* ImageCollectionViewController.swift in Sources */,
				36CB78DD27D5F8A200843FFE /* SecondViewController.swift in Sources */,
				360EFA4F27CDD93500CA1146 /* RedViewController.swift in Sources */,
				3676ED0427D9AC6D00B80E93 /* ForthViewController.swift in Sources */,
				3616C23D278C725D0045F2A7 /* ViewController.swift in Sources */,
				36AB7BA827CF750500545AF7 /* SegmentedViewController.swift in Sources */,
				36CBF89B27CF144B0060C785 /* IndexTableViewCell.swift in Sources */,
				36AB7BB627CFACA600545AF7 /* CollectionViewCell.swift in Sources */,
				36B13CB227D76E7100BEEE12 /* NewCollectionViewController.swift in Sources */,
				366DFBE827C77D0C004E8B62 /* SecondScreenViewController.swift in Sources */,
				363A79BA27C75FA900A85D4C /* FirstScreenViewController.swift in Sources */,
				36CB78DB27D5F85E00843FFE /* NavigationViewController.swift in Sources */,
				36CB78DF27D6065F00843FFE /* ThirdViewController.swift in Sources */,
				36F47D9827CCC6CB00F4F887 /* TextField.swift in Sources */,
				369CC09A27D7300200341901 /* CollectionViewController.swift in Sources */,
				36CB6B8627CE3B4100F33748 /* NewViewController.swift in Sources */,
				36F47D9627CCBA5400F4F887 /* UIComponetsViewController.swift in Sources */,
				3616C239278C725D0045F2A7 /* AppDelegate.swift in Sources */,
				3616C23B278C725D0045F2A7 /* SceneDelegate.swift in Sources */,
				360EFA4D27CDD92700CA1146 /* BlueViewController.swift in Sources */,
				360EFA4927CDD48100CA1146 /* PageViewController.swift in Sources */,
			);
			runOnlyForDeploymentPostprocessing = 0;
		};
/* End PBXSourcesBuildPhase section */

/* Begin PBXVariantGroup section */
		3616C23E278C725D0045F2A7 /* Main.storyboard */ = {
			isa = PBXVariantGroup;
			children = (
				3616C23F278C725D0045F2A7 /* Base */,
			);
			name = Main.storyboard;
			sourceTree = "<group>";
		};
		3616C243278C725E0045F2A7 /* LaunchScreen.storyboard */ = {
			isa = PBXVariantGroup;
			children = (
				3616C244278C725E0045F2A7 /* Base */,
			);
			name = LaunchScreen.storyboard;
			sourceTree = "<group>";
		};
/* End PBXVariantGroup section */

/* Begin XCBuildConfiguration section */
		3616C247278C725E0045F2A7 /* Debug */ = {
			isa = XCBuildConfiguration;
			buildSettings = {
				ALWAYS_SEARCH_USER_PATHS = NO;
				CLANG_ANALYZER_NONNULL = YES;
				CLANG_ANALYZER_NUMBER_OBJECT_CONVERSION = YES_AGGRESSIVE;
				CLANG_CXX_LANGUAGE_STANDARD = "gnu++17";
				CLANG_CXX_LIBRARY = "libc++";
				CLANG_ENABLE_MODULES = YES;
				CLANG_ENABLE_OBJC_ARC = YES;
				CLANG_ENABLE_OBJC_WEAK = YES;
				CLANG_WARN_BLOCK_CAPTURE_AUTORELEASING = YES;
				CLANG_WARN_BOOL_CONVERSION = YES;
				CLANG_WARN_COMMA = YES;
				CLANG_WARN_CONSTANT_CONVERSION = YES;
				CLANG_WARN_DEPRECATED_OBJC_IMPLEMENTATIONS = YES;
				CLANG_WARN_DIRECT_OBJC_ISA_USAGE = YES_ERROR;
				CLANG_WARN_DOCUMENTATION_COMMENTS = YES;
				CLANG_WARN_EMPTY_BODY = YES;
				CLANG_WARN_ENUM_CONVERSION = YES;
				CLANG_WARN_INFINITE_RECURSION = YES;
				CLANG_WARN_INT_CONVERSION = YES;
				CLANG_WARN_NON_LITERAL_NULL_CONVERSION = YES;
				CLANG_WARN_OBJC_IMPLICIT_RETAIN_SELF = YES;
				CLANG_WARN_OBJC_LITERAL_CONVERSION = YES;
				CLANG_WARN_OBJC_ROOT_CLASS = YES_ERROR;
				CLANG_WARN_QUOTED_INCLUDE_IN_FRAMEWORK_HEADER = YES;
				CLANG_WARN_RANGE_LOOP_ANALYSIS = YES;
				CLANG_WARN_STRICT_PROTOTYPES = YES;
				CLANG_WARN_SUSPICIOUS_MOVE = YES;
				CLANG_WARN_UNGUARDED_AVAILABILITY = YES_AGGRESSIVE;
				CLANG_WARN_UNREACHABLE_CODE = YES;
				CLANG_WARN__DUPLICATE_METHOD_MATCH = YES;
				COPY_PHASE_STRIP = NO;
				DEBUG_INFORMATION_FORMAT = dwarf;
				ENABLE_STRICT_OBJC_MSGSEND = YES;
				ENABLE_TESTABILITY = YES;
				GCC_C_LANGUAGE_STANDARD = gnu11;
				GCC_DYNAMIC_NO_PIC = NO;
				GCC_NO_COMMON_BLOCKS = YES;
				GCC_OPTIMIZATION_LEVEL = 0;
				GCC_PREPROCESSOR_DEFINITIONS = (
					"DEBUG=1",
					"$(inherited)",
				);
				GCC_WARN_64_TO_32_BIT_CONVERSION = YES;
				GCC_WARN_ABOUT_RETURN_TYPE = YES_ERROR;
				GCC_WARN_UNDECLARED_SELECTOR = YES;
				GCC_WARN_UNINITIALIZED_AUTOS = YES_AGGRESSIVE;
				GCC_WARN_UNUSED_FUNCTION = YES;
				GCC_WARN_UNUSED_VARIABLE = YES;
				IPHONEOS_DEPLOYMENT_TARGET = 15.0;
				MTL_ENABLE_DEBUG_INFO = INCLUDE_SOURCE;
				MTL_FAST_MATH = YES;
				ONLY_ACTIVE_ARCH = YES;
				SDKROOT = iphoneos;
				SWIFT_ACTIVE_COMPILATION_CONDITIONS = DEBUG;
				SWIFT_OPTIMIZATION_LEVEL = "-Onone";
			};
			name = Debug;
		};
		3616C248278C725E0045F2A7 /* Release */ = {
			isa = XCBuildConfiguration;
			buildSettings = {
				ALWAYS_SEARCH_USER_PATHS = NO;
				CLANG_ANALYZER_NONNULL = YES;
				CLANG_ANALYZER_NUMBER_OBJECT_CONVERSION = YES_AGGRESSIVE;
				CLANG_CXX_LANGUAGE_STANDARD = "gnu++17";
				CLANG_CXX_LIBRARY = "libc++";
				CLANG_ENABLE_MODULES = YES;
				CLANG_ENABLE_OBJC_ARC = YES;
				CLANG_ENABLE_OBJC_WEAK = YES;
				CLANG_WARN_BLOCK_CAPTURE_AUTORELEASING = YES;
				CLANG_WARN_BOOL_CONVERSION = YES;
				CLANG_WARN_COMMA = YES;
				CLANG_WARN_CONSTANT_CONVERSION = YES;
				CLANG_WARN_DEPRECATED_OBJC_IMPLEMENTATIONS = YES;
				CLANG_WARN_DIRECT_OBJC_ISA_USAGE = YES_ERROR;
				CLANG_WARN_DOCUMENTATION_COMMENTS = YES;
				CLANG_WARN_EMPTY_BODY = YES;
				CLANG_WARN_ENUM_CONVERSION = YES;
				CLANG_WARN_INFINITE_RECURSION = YES;
				CLANG_WARN_INT_CONVERSION = YES;
				CLANG_WARN_NON_LITERAL_NULL_CONVERSION = YES;
				CLANG_WARN_OBJC_IMPLICIT_RETAIN_SELF = YES;
				CLANG_WARN_OBJC_LITERAL_CONVERSION = YES;
				CLANG_WARN_OBJC_ROOT_CLASS = YES_ERROR;
				CLANG_WARN_QUOTED_INCLUDE_IN_FRAMEWORK_HEADER = YES;
				CLANG_WARN_RANGE_LOOP_ANALYSIS = YES;
				CLANG_WARN_STRICT_PROTOTYPES = YES;
				CLANG_WARN_SUSPICIOUS_MOVE = YES;
				CLANG_WARN_UNGUARDED_AVAILABILITY = YES_AGGRESSIVE;
				CLANG_WARN_UNREACHABLE_CODE = YES;
				CLANG_WARN__DUPLICATE_METHOD_MATCH = YES;
				COPY_PHASE_STRIP = NO;
				DEBUG_INFORMATION_FORMAT = "dwarf-with-dsym";
				ENABLE_NS_ASSERTIONS = NO;
				ENABLE_STRICT_OBJC_MSGSEND = YES;
				GCC_C_LANGUAGE_STANDARD = gnu11;
				GCC_NO_COMMON_BLOCKS = YES;
				GCC_WARN_64_TO_32_BIT_CONVERSION = YES;
				GCC_WARN_ABOUT_RETURN_TYPE = YES_ERROR;
				GCC_WARN_UNDECLARED_SELECTOR = YES;
				GCC_WARN_UNINITIALIZED_AUTOS = YES_AGGRESSIVE;
				GCC_WARN_UNUSED_FUNCTION = YES;
				GCC_WARN_UNUSED_VARIABLE = YES;
				IPHONEOS_DEPLOYMENT_TARGET = 15.0;
				MTL_ENABLE_DEBUG_INFO = NO;
				MTL_FAST_MATH = YES;
				SDKROOT = iphoneos;
				SWIFT_COMPILATION_MODE = wholemodule;
				SWIFT_OPTIMIZATION_LEVEL = "-O";
				VALIDATE_PRODUCT = YES;
			};
			name = Release;
		};
		3616C24A278C725E0045F2A7 /* Debug */ = {
			isa = XCBuildConfiguration;
			buildSettings = {
				ASSETCATALOG_COMPILER_APPICON_NAME = AppIcon;
				ASSETCATALOG_COMPILER_GLOBAL_ACCENT_COLOR_NAME = AccentColor;
				CODE_SIGN_STYLE = Automatic;
				CURRENT_PROJECT_VERSION = 1;
				GENERATE_INFOPLIST_FILE = YES;
				INFOPLIST_FILE = practice_ios/Info.plist;
				INFOPLIST_KEY_UIApplicationSupportsIndirectInputEvents = YES;
				INFOPLIST_KEY_UILaunchStoryboardName = LaunchScreen;
				INFOPLIST_KEY_UIMainStoryboardFile = Main;
				INFOPLIST_KEY_UISupportedInterfaceOrientations_iPad = "UIInterfaceOrientationPortrait UIInterfaceOrientationPortraitUpsideDown UIInterfaceOrientationLandscapeLeft UIInterfaceOrientationLandscapeRight";
				INFOPLIST_KEY_UISupportedInterfaceOrientations_iPhone = "UIInterfaceOrientationPortrait UIInterfaceOrientationLandscapeLeft UIInterfaceOrientationLandscapeRight";
				LD_RUNPATH_SEARCH_PATHS = (
					"$(inherited)",
					"@executable_path/Frameworks",
				);
				MARKETING_VERSION = 1.0;
				PRODUCT_BUNDLE_IDENTIFIER = "com.example.practice-ios";
				PRODUCT_NAME = "$(TARGET_NAME)";
				SWIFT_EMIT_LOC_STRINGS = YES;
				SWIFT_VERSION = 5.0;
				TARGETED_DEVICE_FAMILY = "1,2";
			};
			name = Debug;
		};
		3616C24B278C725E0045F2A7 /* Release */ = {
			isa = XCBuildConfiguration;
			buildSettings = {
				ASSETCATALOG_COMPILER_APPICON_NAME = AppIcon;
				ASSETCATALOG_COMPILER_GLOBAL_ACCENT_COLOR_NAME = AccentColor;
				CODE_SIGN_STYLE = Automatic;
				CURRENT_PROJECT_VERSION = 1;
				GENERATE_INFOPLIST_FILE = YES;
				INFOPLIST_FILE = practice_ios/Info.plist;
				INFOPLIST_KEY_UIApplicationSupportsIndirectInputEvents = YES;
				INFOPLIST_KEY_UILaunchStoryboardName = LaunchScreen;
				INFOPLIST_KEY_UIMainStoryboardFile = Main;
				INFOPLIST_KEY_UISupportedInterfaceOrientations_iPad = "UIInterfaceOrientationPortrait UIInterfaceOrientationPortraitUpsideDown UIInterfaceOrientationLandscapeLeft UIInterfaceOrientationLandscapeRight";
				INFOPLIST_KEY_UISupportedInterfaceOrientations_iPhone = "UIInterfaceOrientationPortrait UIInterfaceOrientationLandscapeLeft UIInterfaceOrientationLandscapeRight";
				LD_RUNPATH_SEARCH_PATHS = (
					"$(inherited)",
					"@executable_path/Frameworks",
				);
				MARKETING_VERSION = 1.0;
				PRODUCT_BUNDLE_IDENTIFIER = "com.example.practice-ios";
				PRODUCT_NAME = "$(TARGET_NAME)";
				SWIFT_EMIT_LOC_STRINGS = YES;
				SWIFT_VERSION = 5.0;
				TARGETED_DEVICE_FAMILY = "1,2";
			};
			name = Release;
		};
/* End XCBuildConfiguration section */

/* Begin XCConfigurationList section */
		3616C230278C725D0045F2A7 /* Build configuration list for PBXProject "practice_ios" */ = {
			isa = XCConfigurationList;
			buildConfigurations = (
				3616C247278C725E0045F2A7 /* Debug */,
				3616C248278C725E0045F2A7 /* Release */,
			);
			defaultConfigurationIsVisible = 0;
			defaultConfigurationName = Release;
		};
		3616C249278C725E0045F2A7 /* Build configuration list for PBXNativeTarget "practice_ios" */ = {
			isa = XCConfigurationList;
			buildConfigurations = (
				3616C24A278C725E0045F2A7 /* Debug */,
				3616C24B278C725E0045F2A7 /* Release */,
			);
			defaultConfigurationIsVisible = 0;
			defaultConfigurationName = Release;
		};
/* End XCConfigurationList section */
	};
	rootObject = 3616C22D278C725D0045F2A7 /* Project object */;
}
